{
  "object": {
    "pins": [
      {
        "package": "JSONConfig",
        "repositoryURL": "https://github.com/iamjono/JSONConfig.git",
        "state": {
          "branch": null,
          "revision": "3252ba90f47ea7aad65919cd1832faf1fe35da75",
          "version": "3.0.2"
        }
      },
      {
        "package": "COpenSSL",
        "repositoryURL": "https://github.com/PerfectlySoft/Perfect-COpenSSL-Linux.git",
        "state": {
          "branch": null,
          "revision": "6c75ce4b9e6218d6405a203ef789fbb6f5e72df8",
          "version": "3.0.1"
        }
      },
      {
        "package": "PerfectCrypto",
        "repositoryURL": "https://github.com/PerfectlySoft/Perfect-Crypto.git",
        "state": {
          "branch": null,
          "revision": "a0565cd234faee0167f5f0540ad71516efc11a0b",
          "version": "3.0.3"
        }
      },
      {
        "package": "PerfectCURL",
        "repositoryURL": "https://github.com/PerfectlySoft/Perfect-CURL.git",
        "state": {
          "branch": null,
          "revision": "3df2178ebd89330926ef523131101d2edebf8daf",
          "version": "3.0.2"
        }
      },
      {
        "package": "PerfectCZlib",
        "repositoryURL": "https://github.com/PerfectlySoft/Perfect-CZlib-src.git",
        "state": {
          "branch": null,
          "revision": "b63e46909aad937c6434766f8f8c6720d8f3bd05",
          "version": "0.0.4"
        }
      },
      {
        "package": "PerfectHTTP",
        "repositoryURL": "https://github.com/PerfectlySoft/Perfect-HTTP.git",
        "state": {
          "branch": null,
          "revision": "de33aeb1730ff73da833e0c2b6eabf4c5cbae396",
          "version": "3.0.7"
        }
      },
      {
        "package": "PerfectHTTPServer",
        "repositoryURL": "https://github.com/PerfectlySoft/Perfect-HTTPServer.git",
        "state": {
          "branch": null,
          "revision": "c7ca425d062dca86eab3d6d14e4d91f6dc222db7",
          "version": "3.0.3"
        }
      },
      {
        "package": "cURL",
        "repositoryURL": "https://github.com/PerfectlySoft/Perfect-libcurl.git",
        "state": {
          "branch": null,
          "revision": "672f6695d9ae04fce16ad01decef0649e0b872b0",
          "version": "2.0.6"
        }
      },
      {
        "package": "LinuxBridge",
        "repositoryURL": "https://github.com/PerfectlySoft/Perfect-LinuxBridge.git",
        "state": {
          "branch": null,
          "revision": "ba9d1fb5be8eb238521206b39bec90a760bb0192",
          "version": "3.0.0"
        }
      },
      {
        "package": "PerfectLogger",
        "repositoryURL": "https://github.com/PerfectlySoft/Perfect-Logger.git",
        "state": {
          "branch": null,
          "revision": "2f1baef51d316d8bc1d919e6d89f55be6b3f914c",
          "version": "3.0.5"
        }
      },
      {
        "package": "PerfectNet",
        "repositoryURL": "https://github.com/PerfectlySoft/Perfect-Net.git",
        "state": {
          "branch": null,
          "revision": "5e137023e0373b3bdd46a5c80c3ec868fd1c383d",
          "version": "3.0.0"
        }
      },
      {
        "package": "PerfectRequestLogger",
        "repositoryURL": "https://github.com/PerfectlySoft/Perfect-RequestLogger.git",
        "state": {
          "branch": null,
          "revision": "c2eaee1f37444b1866ef6967c9d6b5627b2307ef",
          "version": "3.0.2"
        }
      },
      {
        "package": "PerfectSQLite",
        "repositoryURL": "https://github.com/PerfectlySoft/Perfect-SQLite.git",
        "state": {
          "branch": null,
          "revision": "89f5e4dc81a2523b42381ee651945a3b6aad17d1",
          "version": "3.0.1"
        }
      },
      {
        "package": "PerfectCSQLite3",
        "repositoryURL": "https://github.com/PerfectlySoft/Perfect-sqlite3-support.git",
        "state": {
          "branch": null,
          "revision": "fb806c0fd0fcbf27ababa9c03a00e32c2c46464c",
          "version": "3.0.0"
        }
      },
      {
        "package": "PerfectThread",
        "repositoryURL": "https://github.com/PerfectlySoft/Perfect-Thread.git",
        "state": {
          "branch": null,
          "revision": "1846390a47bfe0c5263bb70ba318b2bbe751ac95",
          "version": "3.0.2"
        }
      },
      {
        "package": "PerfectLib",
        "repositoryURL": "https://github.com/PerfectlySoft/PerfectLib.git",
        "state": {
          "branch": null,
          "revision": "0ab139ad6001ad4c3bb1b9714f11168a74af8e79",
          "version": "3.0.3"
        }
      },
      {
        "package": "SQLiteStORM",
        "repositoryURL": "https://github.com/SwiftORM/SQLite-StORM.git",
        "state": {
          "branch": null,
          "revision": "c670706056d53d8305c1d1a5c14e3c9d19af1cb1",
          "version": "3.0.0"
        }
      },
      {
        "package": "StORM",
        "repositoryURL": "https://github.com/SwiftORM/StORM.git",
        "state": {
          "branch": null,
          "revision": "54741705b76744bb83b8e43cd2bd4804e7f5bed1",
          "version": "3.0.3"
        }
      },
      {
        "package": "SwiftString",
        "repositoryURL": "https://github.com/iamjono/SwiftString.git",
        "state": {
          "branch": null,
          "revision": "a628671f5d84a31bd9d4220eb434da888f364b79",
          "version": "2.0.4"
        }
      }
    ]
  },
  "version": 1
}
